
Microsoft Visual Studio Solution File, Format Version 12.00
# Visual Studio 15
VisualStudioVersion = 15.0.28307.168
MinimumVisualStudioVersion = 10.0.40219.1
Project("{FAE04EC0-301F-11D3-BF4B-00C04F79EFBC}") = "KanbanSample", "KanbanSample\KanbanSample.csproj", "{15F34AEA-F932-4720-B2C2-BC5C71832EF3}"
EndProject
Project("{FAE04EC0-301F-11D3-BF4B-00C04F79EFBC}") = "KanbanSample.Android", "KanbanSample.Android\KanbanSample.Android.csproj", "{3F29AFF9-671F-40BB-A9B2-E0DA91056A5D}"
EndProject
Project("{FAE04EC0-301F-11D3-BF4B-00C04F79EFBC}") = "KanbanSample.iOS", "KanbanSample.iOS\KanbanSample.iOS.csproj", "{F1A812A4-5B83-45A7-A61F-DAB9A5629306}"
EndProject
Project("{FAE04EC0-301F-11D3-BF4B-00C04F79EFBC}") = "KanbanSample.UWP", "KanbanSample.UWP\KanbanSample.UWP.csproj", "{787775FE-0B7F-4D97-8C8E-A1A7AF0ECA6D}"
EndProject
Global
	GlobalSection(SolutionConfigurationPlatforms) = preSolution
		Ad-Hoc|Any CPU = Ad-Hoc|Any CPU
		Ad-Hoc|ARM = Ad-Hoc|ARM
		Ad-Hoc|iPhone = Ad-Hoc|iPhone
		Ad-Hoc|iPhoneSimulator = Ad-Hoc|iPhoneSimulator
		Ad-Hoc|x64 = Ad-Hoc|x64
		Ad-Hoc|x86 = Ad-Hoc|x86
		AppStore|Any CPU = AppStore|Any CPU
		AppStore|ARM = AppStore|ARM
		AppStore|iPhone = AppStore|iPhone
		AppStore|iPhoneSimulator = AppStore|iPhoneSimulator
		AppStore|x64 = AppStore|x64
		AppStore|x86 = AppStore|x86
		Debug|Any CPU = Debug|Any CPU
		Debug|ARM = Debug|ARM
		Debug|iPhone = Debug|iPhone
		Debug|iPhoneSimulator = Debug|iPhoneSimulator
		Debug|x64 = Debug|x64
		Debug|x86 = Debug|x86
		Release|Any CPU = Release|Any CPU
		Release|ARM = Release|ARM
		Release|iPhone = Release|iPhone
		Release|iPhoneSimulator = Release|iPhoneSimulator
		Release|x64 = Release|x64
		Release|x86 = Release|x86
	EndGlobalSection
	GlobalSection(ProjectConfigurationPlatforms) = postSolution
		{15F34AEA-F932-4720-B2C2-BC5C71832EF3}.Ad-Hoc|Any CPU.ActiveCfg = Debug|Any CPU
		{15F34AEA-F932-4720-B2C2-BC5C71832EF3}.Ad-Hoc|Any CPU.Build.0 = Debug|Any CPU
		{15F34AEA-F932-4720-B2C2-BC5C71832EF3}.Ad-Hoc|ARM.ActiveCfg = Debug|Any CPU
		{15F34AEA-F932-4720-B2C2-BC5C71832EF3}.Ad-Hoc|ARM.Build.0 = Debug|Any CPU
		{15F34AEA-F932-4720-B2C2-BC5C71832EF3}.Ad-Hoc|iPhone.ActiveCfg = Debug|Any CPU
		{15F34AEA-F932-4720-B2C2-BC5C71832EF3}.Ad-Hoc|iPhone.Build.0 = Debug|Any CPU
		{15F34AEA-F932-4720-B2C2-BC5C71832EF3}.Ad-Hoc|iPhoneSimulator.ActiveCfg = Debug|Any CPU
		{15F34AEA-F932-4720-B2C2-BC5C71832EF3}.Ad-Hoc|iPhoneSimulator.Build.0 = Debug|Any CPU
		{15F34AEA-F932-4720-B2C2-BC5C71832EF3}.Ad-Hoc|x64.ActiveCfg = Debug|Any CPU
		{15F34AEA-F932-4720-B2C2-BC5C71832EF3}.Ad-Hoc|x64.Build.0 = Debug|Any CPU
		{15F34AEA-F932-4720-B2C2-BC5C71832EF3}.Ad-Hoc|x86.ActiveCfg = Debug|Any CPU
		{15F34AEA-F932-4720-B2C2-BC5C71832EF3}.Ad-Hoc|x86.Build.0 = Debug|Any CPU
		{15F34AEA-F932-4720-B2C2-BC5C71832EF3}.AppStore|Any CPU.ActiveCfg = Debug|Any CPU
		{15F34AEA-F932-4720-B2C2-BC5C71832EF3}.AppStore|Any CPU.Build.0 = Debug|Any CPU
		{15F34AEA-F932-4720-B2C2-BC5C71832EF3}.AppStore|ARM.ActiveCfg = Debug|Any CPU
		{15F34AEA-F932-4720-B2C2-BC5C71832EF3}.AppStore|ARM.Build.0 = Debug|Any CPU
		{15F34AEA-F932-4720-B2C2-BC5C71832EF3}.AppStore|iPhone.ActiveCfg = Debug|Any CPU
		{15F34AEA-F932-4720-B2C2-BC5C71832EF3}.AppStore|iPhone.Build.0 = Debug|Any CPU
		{15F34AEA-F932-4720-B2C2-BC5C71832EF3}.AppStore|iPhoneSimulator.ActiveCfg = Debug|Any CPU
		{15F34AEA-F932-4720-B2C2-BC5C71832EF3}.AppStore|iPhoneSimulator.Build.0 = Debug|Any CPU
		{15F34AEA-F932-4720-B2C2-BC5C71832EF3}.AppStore|x64.ActiveCfg = Debug|Any CPU
		{15F34AEA-F932-4720-B2C2-BC5C71832EF3}.AppStore|x64.Build.0 = Debug|Any CPU
		{15F34AEA-F932-4720-B2C2-BC5C71832EF3}.AppStore|x86.ActiveCfg = Debug|Any CPU
		{15F34AEA-F932-4720-B2C2-BC5C71832EF3}.AppStore|x86.Build.0 = Debug|Any CPU
		{15F34AEA-F932-4720-B2C2-BC5C71832EF3}.Debug|Any CPU.ActiveCfg = Debug|Any CPU
		{15F34AEA-F932-4720-B2C2-BC5C71832EF3}.Debug|Any CPU.Build.0 = Debug|Any CPU
		{15F34AEA-F932-4720-B2C2-BC5C71832EF3}.Debug|ARM.ActiveCfg = Debug|Any CPU
		{15F34AEA-F932-4720-B2C2-BC5C71832EF3}.Debug|ARM.Build.0 = Debug|Any CPU
		{15F34AEA-F932-4720-B2C2-BC5C71832EF3}.Debug|iPhone.ActiveCfg = Debug|Any CPU
		{15F34AEA-F932-4720-B2C2-BC5C71832EF3}.Debug|iPhone.Build.0 = Debug|Any CPU
		{15F34AEA-F932-4720-B2C2-BC5C71832EF3}.Debug|iPhoneSimulator.ActiveCfg = Debug|Any CPU
		{15F34AEA-F932-4720-B2C2-BC5C71832EF3}.Debug|iPhoneSimulator.Build.0 = Debug|Any CPU
		{15F34AEA-F932-4720-B2C2-BC5C71832EF3}.Debug|x64.ActiveCfg = Debug|Any CPU
		{15F34AEA-F932-4720-B2C2-BC5C71832EF3}.Debug|x64.Build.0 = Debug|Any CPU
		{15F34AEA-F932-4720-B2C2-BC5C71832EF3}.Debug|x86.ActiveCfg = Debug|Any CPU
		{15F34AEA-F932-4720-B2C2-BC5C71832EF3}.Debug|x86.Build.0 = Debug|Any CPU
		{15F34AEA-F932-4720-B2C2-BC5C71832EF3}.Release|Any CPU.ActiveCfg = Release|Any CPU
		{15F34AEA-F932-4720-B2C2-BC5C71832EF3}.Release|Any CPU.Build.0 = Release|Any CPU
		{15F34AEA-F932-4720-B2C2-BC5C71832EF3}.Release|ARM.ActiveCfg = Release|Any CPU
		{15F34AEA-F932-4720-B2C2-BC5C71832EF3}.Release|ARM.Build.0 = Release|Any CPU
		{15F34AEA-F932-4720-B2C2-BC5C71832EF3}.Release|iPhone.ActiveCfg = Release|Any CPU
		{15F34AEA-F932-4720-B2C2-BC5C71832EF3}.Release|iPhone.Build.0 = Release|Any CPU
		{15F34AEA-F932-4720-B2C2-BC5C71832EF3}.Release|iPhoneSimulator.ActiveCfg = Release|Any CPU
		{15F34AEA-F932-4720-B2C2-BC5C71832EF3}.Release|iPhoneSimulator.Build.0 = Release|Any CPU
		{15F34AEA-F932-4720-B2C2-BC5C71832EF3}.Release|x64.ActiveCfg = Release|Any CPU
		{15F34AEA-F932-4720-B2C2-BC5C71832EF3}.Release|x64.Build.0 = Release|Any CPU
		{15F34AEA-F932-4720-B2C2-BC5C71832EF3}.Release|x86.ActiveCfg = Release|Any CPU
		{15F34AEA-F932-4720-B2C2-BC5C71832EF3}.Release|x86.Build.0 = Release|Any CPU
		{3F29AFF9-671F-40BB-A9B2-E0DA91056A5D}.Ad-Hoc|Any CPU.ActiveCfg = Release|Any CPU
		{3F29AFF9-671F-40BB-A9B2-E0DA91056A5D}.Ad-Hoc|Any CPU.Build.0 = Release|Any CPU
		{3F29AFF9-671F-40BB-A9B2-E0DA91056A5D}.Ad-Hoc|Any CPU.Deploy.0 = Release|Any CPU
		{3F29AFF9-671F-40BB-A9B2-E0DA91056A5D}.Ad-Hoc|ARM.ActiveCfg = Release|Any CPU
		{3F29AFF9-671F-40BB-A9B2-E0DA91056A5D}.Ad-Hoc|ARM.Build.0 = Release|Any CPU
		{3F29AFF9-671F-40BB-A9B2-E0DA91056A5D}.Ad-Hoc|ARM.Deploy.0 = Release|Any CPU
		{3F29AFF9-671F-40BB-A9B2-E0DA91056A5D}.Ad-Hoc|iPhone.ActiveCfg = Release|Any CPU
		{3F29AFF9-671F-40BB-A9B2-E0DA91056A5D}.Ad-Hoc|iPhone.Build.0 = Release|Any CPU
		{3F29AFF9-671F-40BB-A9B2-E0DA91056A5D}.Ad-Hoc|iPhone.Deploy.0 = Release|Any CPU
		{3F29AFF9-671F-40BB-A9B2-E0DA91056A5D}.Ad-Hoc|iPhoneSimulator.ActiveCfg = Release|Any CPU
		{3F29AFF9-671F-40BB-A9B2-E0DA91056A5D}.Ad-Hoc|iPhoneSimulator.Build.0 = Release|Any CPU
		{3F29AFF9-671F-40BB-A9B2-E0DA91056A5D}.Ad-Hoc|iPhoneSimulator.Deploy.0 = Release|Any CPU
		{3F29AFF9-671F-40BB-A9B2-E0DA91056A5D}.Ad-Hoc|x64.ActiveCfg = Release|Any CPU
		{3F29AFF9-671F-40BB-A9B2-E0DA91056A5D}.Ad-Hoc|x64.Build.0 = Release|Any CPU
		{3F29AFF9-671F-40BB-A9B2-E0DA91056A5D}.Ad-Hoc|x64.Deploy.0 = Release|Any CPU
		{3F29AFF9-671F-40BB-A9B2-E0DA91056A5D}.Ad-Hoc|x86.ActiveCfg = Release|Any CPU
		{3F29AFF9-671F-40BB-A9B2-E0DA91056A5D}.Ad-Hoc|x86.Build.0 = Release|Any CPU
		{3F29AFF9-671F-40BB-A9B2-E0DA91056A5D}.Ad-Hoc|x86.Deploy.0 = Release|Any CPU
		{3F29AFF9-671F-40BB-A9B2-E0DA91056A5D}.AppStore|Any CPU.ActiveCfg = Release|Any CPU
		{3F29AFF9-671F-40BB-A9B2-E0DA91056A5D}.AppStore|Any CPU.Build.0 = Release|Any CPU
		{3F29AFF9-671F-40BB-A9B2-E0DA91056A5D}.AppStore|Any CPU.Deploy.0 = Release|Any CPU
		{3F29AFF9-671F-40BB-A9B2-E0DA91056A5D}.AppStore|ARM.ActiveCfg = Release|Any CPU
		{3F29AFF9-671F-40BB-A9B2-E0DA91056A5D}.AppStore|ARM.Build.0 = Release|Any CPU
		{3F29AFF9-671F-40BB-A9B2-E0DA91056A5D}.AppStore|ARM.Deploy.0 = Release|Any CPU
		{3F29AFF9-671F-40BB-A9B2-E0DA91056A5D}.AppStore|iPhone.ActiveCfg = Release|Any CPU
		{3F29AFF9-671F-40BB-A9B2-E0DA91056A5D}.AppStore|iPhone.Build.0 = Release|Any CPU
		{3F29AFF9-671F-40BB-A9B2-E0DA91056A5D}.AppStore|iPhone.Deploy.0 = Release|Any CPU
		{3F29AFF9-671F-40BB-A9B2-E0DA91056A5D}.AppStore|iPhoneSimulator.ActiveCfg = Release|Any CPU
		{3F29AFF9-671F-40BB-A9B2-E0DA91056A5D}.AppStore|iPhoneSimulator.Build.0 = Release|Any CPU
		{3F29AFF9-671F-40BB-A9B2-E0DA91056A5D}.AppStore|iPhoneSimulator.Deploy.0 = Release|Any CPU
		{3F29AFF9-671F-40BB-A9B2-E0DA91056A5D}.AppStore|x64.ActiveCfg = Release|Any CPU
		{3F29AFF9-671F-40BB-A9B2-E0DA91056A5D}.AppStore|x64.Build.0 = Release|Any CPU
		{3F29AFF9-671F-40BB-A9B2-E0DA91056A5D}.AppStore|x64.Deploy.0 = Release|Any CPU
		{3F29AFF9-671F-40BB-A9B2-E0DA91056A5D}.AppStore|x86.ActiveCfg = Release|Any CPU
		{3F29AFF9-671F-40BB-A9B2-E0DA91056A5D}.AppStore|x86.Build.0 = Release|Any CPU
		{3F29AFF9-671F-40BB-A9B2-E0DA91056A5D}.AppStore|x86.Deploy.0 = Release|Any CPU
		{3F29AFF9-671F-40BB-A9B2-E0DA91056A5D}.Debug|Any CPU.ActiveCfg = Debug|Any CPU
		{3F29AFF9-671F-40BB-A9B2-E0DA91056A5D}.Debug|Any CPU.Build.0 = Debug|Any CPU
		{3F29AFF9-671F-40BB-A9B2-E0DA91056A5D}.Debug|Any CPU.Deploy.0 = Debug|Any CPU
		{3F29AFF9-671F-40BB-A9B2-E0DA91056A5D}.Debug|ARM.ActiveCfg = Debug|Any CPU
		{3F29AFF9-671F-40BB-A9B2-E0DA91056A5D}.Debug|ARM.Build.0 = Debug|Any CPU
		{3F29AFF9-671F-40BB-A9B2-E0DA91056A5D}.Debug|ARM.Deploy.0 = Debug|Any CPU
		{3F29AFF9-671F-40BB-A9B2-E0DA91056A5D}.Debug|iPhone.ActiveCfg = Debug|Any CPU
		{3F29AFF9-671F-40BB-A9B2-E0DA91056A5D}.Debug|iPhone.Build.0 = Debug|Any CPU
		{3F29AFF9-671F-40BB-A9B2-E0DA91056A5D}.Debug|iPhone.Deploy.0 = Debug|Any CPU
		{3F29AFF9-671F-40BB-A9B2-E0DA91056A5D}.Debug|iPhoneSimulator.ActiveCfg = Debug|Any CPU
		{3F29AFF9-671F-40BB-A9B2-E0DA91056A5D}.Debug|iPhoneSimulator.Build.0 = Debug|Any CPU
		{3F29AFF9-671F-40BB-A9B2-E0DA91056A5D}.Debug|iPhoneSimulator.Deploy.0 = Debug|Any CPU
		{3F29AFF9-671F-40BB-A9B2-E0DA91056A5D}.Debug|x64.ActiveCfg = Debug|Any CPU
		{3F29AFF9-671F-40BB-A9B2-E0DA91056A5D}.Debug|x64.Build.0 = Debug|Any CPU
		{3F29AFF9-671F-40BB-A9B2-E0DA91056A5D}.Debug|x64.Deploy.0 = Debug|Any CPU
		{3F29AFF9-671F-40BB-A9B2-E0DA91056A5D}.Debug|x86.ActiveCfg = Debug|Any CPU
		{3F29AFF9-671F-40BB-A9B2-E0DA91056A5D}.Debug|x86.Build.0 = Debug|Any CPU
		{3F29AFF9-671F-40BB-A9B2-E0DA91056A5D}.Debug|x86.Deploy.0 = Debug|Any CPU
		{3F29AFF9-671F-40BB-A9B2-E0DA91056A5D}.Release|Any CPU.ActiveCfg = Release|Any CPU
		{3F29AFF9-671F-40BB-A9B2-E0DA91056A5D}.Release|Any CPU.Build.0 = Release|Any CPU
		{3F29AFF9-671F-40BB-A9B2-E0DA91056A5D}.Release|Any CPU.Deploy.0 = Release|Any CPU
		{3F29AFF9-671F-40BB-A9B2-E0DA91056A5D}.Release|ARM.ActiveCfg = Release|Any CPU
		{3F29AFF9-671F-40BB-A9B2-E0DA91056A5D}.Release|ARM.Build.0 = Release|Any CPU
		{3F29AFF9-671F-40BB-A9B2-E0DA91056A5D}.Release|ARM.Deploy.0 = Release|Any CPU
		{3F29AFF9-671F-40BB-A9B2-E0DA91056A5D}.Release|iPhone.ActiveCfg = Release|Any CPU
		{3F29AFF9-671F-40BB-A9B2-E0DA91056A5D}.Release|iPhone.Build.0 = Release|Any CPU
		{3F29AFF9-671F-40BB-A9B2-E0DA91056A5D}.Release|iPhone.Deploy.0 = Release|Any CPU
		{3F29AFF9-671F-40BB-A9B2-E0DA91056A5D}.Release|iPhoneSimulator.ActiveCfg = Release|Any CPU
		{3F29AFF9-671F-40BB-A9B2-E0DA91056A5D}.Release|iPhoneSimulator.Build.0 = Release|Any CPU
		{3F29AFF9-671F-40BB-A9B2-E0DA91056A5D}.Release|iPhoneSimulator.Deploy.0 = Release|Any CPU
		{3F29AFF9-671F-40BB-A9B2-E0DA91056A5D}.Release|x64.ActiveCfg = Release|Any CPU
		{3F29AFF9-671F-40BB-A9B2-E0DA91056A5D}.Release|x64.Build.0 = Release|Any CPU
		{3F29AFF9-671F-40BB-A9B2-E0DA91056A5D}.Release|x64.Deploy.0 = Release|Any CPU
		{3F29AFF9-671F-40BB-A9B2-E0DA91056A5D}.Release|x86.ActiveCfg = Release|Any CPU
		{3F29AFF9-671F-40BB-A9B2-E0DA91056A5D}.Release|x86.Build.0 = Release|Any CPU
		{3F29AFF9-671F-40BB-A9B2-E0DA91056A5D}.Release|x86.Deploy.0 = Release|Any CPU
		{F1A812A4-5B83-45A7-A61F-DAB9A5629306}.Ad-Hoc|Any CPU.ActiveCfg = Ad-Hoc|iPhone
		{F1A812A4-5B83-45A7-A61F-DAB9A5629306}.Ad-Hoc|ARM.ActiveCfg = Ad-Hoc|iPhone
		{F1A812A4-5B83-45A7-A61F-DAB9A5629306}.Ad-Hoc|iPhone.ActiveCfg = Ad-Hoc|iPhone
		{F1A812A4-5B83-45A7-A61F-DAB9A5629306}.Ad-Hoc|iPhone.Build.0 = Ad-Hoc|iPhone
		{F1A812A4-5B83-45A7-A61F-DAB9A5629306}.Ad-Hoc|iPhoneSimulator.ActiveCfg = Ad-Hoc|iPhoneSimulator
		{F1A812A4-5B83-45A7-A61F-DAB9A5629306}.Ad-Hoc|iPhoneSimulator.Build.0 = Ad-Hoc|iPhoneSimulator
		{F1A812A4-5B83-45A7-A61F-DAB9A5629306}.Ad-Hoc|x64.ActiveCfg = Ad-Hoc|iPhone
		{F1A812A4-5B83-45A7-A61F-DAB9A5629306}.Ad-Hoc|x86.ActiveCfg = Ad-Hoc|iPhone
		{F1A812A4-5B83-45A7-A61F-DAB9A5629306}.AppStore|Any CPU.ActiveCfg = AppStore|iPhone
		{F1A812A4-5B83-45A7-A61F-DAB9A5629306}.AppStore|ARM.ActiveCfg = AppStore|iPhone
		{F1A812A4-5B83-45A7-A61F-DAB9A5629306}.AppStore|iPhone.ActiveCfg = AppStore|iPhone
		{F1A812A4-5B83-45A7-A61F-DAB9A5629306}.AppStore|iPhone.Build.0 = AppStore|iPhone
		{F1A812A4-5B83-45A7-A61F-DAB9A5629306}.AppStore|iPhoneSimulator.ActiveCfg = AppStore|iPhoneSimulator
		{F1A812A4-5B83-45A7-A61F-DAB9A5629306}.AppStore|iPhoneSimulator.Build.0 = AppStore|iPhoneSimulator
		{F1A812A4-5B83-45A7-A61F-DAB9A5629306}.AppStore|x64.ActiveCfg = AppStore|iPhone
		{F1A812A4-5B83-45A7-A61F-DAB9A5629306}.AppStore|x86.ActiveCfg = AppStore|iPhone
		{F1A812A4-5B83-45A7-A61F-DAB9A5629306}.Debug|Any CPU.ActiveCfg = Debug|iPhone
		{F1A812A4-5B83-45A7-A61F-DAB9A5629306}.Debug|ARM.ActiveCfg = Debug|iPhone
		{F1A812A4-5B83-45A7-A61F-DAB9A5629306}.Debug|iPhone.ActiveCfg = Debug|iPhone
		{F1A812A4-5B83-45A7-A61F-DAB9A5629306}.Debug|iPhone.Build.0 = Debug|iPhone
		{F1A812A4-5B83-45A7-A61F-DAB9A5629306}.Debug|iPhoneSimulator.ActiveCfg = Debug|iPhoneSimulator
		{F1A812A4-5B83-45A7-A61F-DAB9A5629306}.Debug|iPhoneSimulator.Build.0 = Debug|iPhoneSimulator
		{F1A812A4-5B83-45A7-A61F-DAB9A5629306}.Debug|x64.ActiveCfg = Debug|iPhone
		{F1A812A4-5B83-45A7-A61F-DAB9A5629306}.Debug|x86.ActiveCfg = Debug|iPhone
		{F1A812A4-5B83-45A7-A61F-DAB9A5629306}.Release|Any CPU.ActiveCfg = Release|iPhone
		{F1A812A4-5B83-45A7-A61F-DAB9A5629306}.Release|ARM.ActiveCfg = Release|iPhone
		{F1A812A4-5B83-45A7-A61F-DAB9A5629306}.Release|iPhone.ActiveCfg = Release|iPhone
		{F1A812A4-5B83-45A7-A61F-DAB9A5629306}.Release|iPhone.Build.0 = Release|iPhone
		{F1A812A4-5B83-45A7-A61F-DAB9A5629306}.Release|iPhoneSimulator.ActiveCfg = Release|iPhoneSimulator
		{F1A812A4-5B83-45A7-A61F-DAB9A5629306}.Release|iPhoneSimulator.Build.0 = Release|iPhoneSimulator
		{F1A812A4-5B83-45A7-A61F-DAB9A5629306}.Release|x64.ActiveCfg = Release|iPhone
		{F1A812A4-5B83-45A7-A61F-DAB9A5629306}.Release|x86.ActiveCfg = Release|iPhone
		{787775FE-0B7F-4D97-8C8E-A1A7AF0ECA6D}.Ad-Hoc|Any CPU.ActiveCfg = Release|x86
		{787775FE-0B7F-4D97-8C8E-A1A7AF0ECA6D}.Ad-Hoc|Any CPU.Build.0 = Release|x86
		{787775FE-0B7F-4D97-8C8E-A1A7AF0ECA6D}.Ad-Hoc|Any CPU.Deploy.0 = Release|x86
		{787775FE-0B7F-4D97-8C8E-A1A7AF0ECA6D}.Ad-Hoc|ARM.ActiveCfg = Release|ARM
		{787775FE-0B7F-4D97-8C8E-A1A7AF0ECA6D}.Ad-Hoc|ARM.Build.0 = Release|ARM
		{787775FE-0B7F-4D97-8C8E-A1A7AF0ECA6D}.Ad-Hoc|ARM.Deploy.0 = Release|ARM
		{787775FE-0B7F-4D97-8C8E-A1A7AF0ECA6D}.Ad-Hoc|iPhone.ActiveCfg = Release|x86
		{787775FE-0B7F-4D97-8C8E-A1A7AF0ECA6D}.Ad-Hoc|iPhone.Build.0 = Release|x86
		{787775FE-0B7F-4D97-8C8E-A1A7AF0ECA6D}.Ad-Hoc|iPhone.Deploy.0 = Release|x86
		{787775FE-0B7F-4D97-8C8E-A1A7AF0ECA6D}.Ad-Hoc|iPhoneSimulator.ActiveCfg = Release|x86
		{787775FE-0B7F-4D97-8C8E-A1A7AF0ECA6D}.Ad-Hoc|iPhoneSimulator.Build.0 = Release|x86
		{787775FE-0B7F-4D97-8C8E-A1A7AF0ECA6D}.Ad-Hoc|iPhoneSimulator.Deploy.0 = Release|x86
		{787775FE-0B7F-4D97-8C8E-A1A7AF0ECA6D}.Ad-Hoc|x64.ActiveCfg = Release|x64
		{787775FE-0B7F-4D97-8C8E-A1A7AF0ECA6D}.Ad-Hoc|x64.Build.0 = Release|x64
		{787775FE-0B7F-4D97-8C8E-A1A7AF0ECA6D}.Ad-Hoc|x64.Deploy.0 = Release|x64
		{787775FE-0B7F-4D97-8C8E-A1A7AF0ECA6D}.Ad-Hoc|x86.ActiveCfg = Release|x86
		{787775FE-0B7F-4D97-8C8E-A1A7AF0ECA6D}.Ad-Hoc|x86.Build.0 = Release|x86
		{787775FE-0B7F-4D97-8C8E-A1A7AF0ECA6D}.Ad-Hoc|x86.Deploy.0 = Release|x86
		{787775FE-0B7F-4D97-8C8E-A1A7AF0ECA6D}.AppStore|Any CPU.ActiveCfg = Release|x86
		{787775FE-0B7F-4D97-8C8E-A1A7AF0ECA6D}.AppStore|Any CPU.Build.0 = Release|x86
		{787775FE-0B7F-4D97-8C8E-A1A7AF0ECA6D}.AppStore|Any CPU.Deploy.0 = Release|x86
		{787775FE-0B7F-4D97-8C8E-A1A7AF0ECA6D}.AppStore|ARM.ActiveCfg = Release|ARM
		{787775FE-0B7F-4D97-8C8E-A1A7AF0ECA6D}.AppStore|ARM.Build.0 = Release|ARM
		{787775FE-0B7F-4D97-8C8E-A1A7AF0ECA6D}.AppStore|ARM.Deploy.0 = Release|ARM
		{787775FE-0B7F-4D97-8C8E-A1A7AF0ECA6D}.AppStore|iPhone.ActiveCfg = Release|x86
		{787775FE-0B7F-4D97-8C8E-A1A7AF0ECA6D}.AppStore|iPhone.Build.0 = Release|x86
		{787775FE-0B7F-4D97-8C8E-A1A7AF0ECA6D}.AppStore|iPhone.Deploy.0 = Release|x86
		{787775FE-0B7F-4D97-8C8E-A1A7AF0ECA6D}.AppStore|iPhoneSimulator.ActiveCfg = Release|x86
		{787775FE-0B7F-4D97-8C8E-A1A7AF0ECA6D}.AppStore|iPhoneSimulator.Build.0 = Release|x86
		{787775FE-0B7F-4D97-8C8E-A1A7AF0ECA6D}.AppStore|iPhoneSimulator.Deploy.0 = Release|x86
		{787775FE-0B7F-4D97-8C8E-A1A7AF0ECA6D}.AppStore|x64.ActiveCfg = Release|x64
		{787775FE-0B7F-4D97-8C8E-A1A7AF0ECA6D}.AppStore|x64.Build.0 = Release|x64
		{787775FE-0B7F-4D97-8C8E-A1A7AF0ECA6D}.AppStore|x64.Deploy.0 = Release|x64
		{787775FE-0B7F-4D97-8C8E-A1A7AF0ECA6D}.AppStore|x86.ActiveCfg = Release|x86
		{787775FE-0B7F-4D97-8C8E-A1A7AF0ECA6D}.AppStore|x86.Build.0 = Release|x86
		{787775FE-0B7F-4D97-8C8E-A1A7AF0ECA6D}.AppStore|x86.Deploy.0 = Release|x86
		{787775FE-0B7F-4D97-8C8E-A1A7AF0ECA6D}.Debug|Any CPU.ActiveCfg = Debug|x86
		{787775FE-0B7F-4D97-8C8E-A1A7AF0ECA6D}.Debug|ARM.ActiveCfg = Debug|ARM
		{787775FE-0B7F-4D97-8C8E-A1A7AF0ECA6D}.Debug|ARM.Build.0 = Debug|ARM
		{787775FE-0B7F-4D97-8C8E-A1A7AF0ECA6D}.Debug|ARM.Deploy.0 = Debug|ARM
		{787775FE-0B7F-4D97-8C8E-A1A7AF0ECA6D}.Debug|iPhone.ActiveCfg = Debug|x86
		{787775FE-0B7F-4D97-8C8E-A1A7AF0ECA6D}.Debug|iPhoneSimulator.ActiveCfg = Debug|x86
		{787775FE-0B7F-4D97-8C8E-A1A7AF0ECA6D}.Debug|x64.ActiveCfg = Debug|x64
		{787775FE-0B7F-4D97-8C8E-A1A7AF0ECA6D}.Debug|x64.Build.0 = Debug|x64
		{787775FE-0B7F-4D97-8C8E-A1A7AF0ECA6D}.Debug|x64.Deploy.0 = Debug|x64
		{787775FE-0B7F-4D97-8C8E-A1A7AF0ECA6D}.Debug|x86.ActiveCfg = Debug|x86
		{787775FE-0B7F-4D97-8C8E-A1A7AF0ECA6D}.Debug|x86.Build.0 = Debug|x86
		{787775FE-0B7F-4D97-8C8E-A1A7AF0ECA6D}.Debug|x86.Deploy.0 = Debug|x86
		{787775FE-0B7F-4D97-8C8E-A1A7AF0ECA6D}.Release|Any CPU.ActiveCfg = Release|x86
		{787775FE-0B7F-4D97-8C8E-A1A7AF0ECA6D}.Release|ARM.ActiveCfg = Release|ARM
		{787775FE-0B7F-4D97-8C8E-A1A7AF0ECA6D}.Release|ARM.Build.0 = Release|ARM
		{787775FE-0B7F-4D97-8C8E-A1A7AF0ECA6D}.Release|ARM.Deploy.0 = Release|ARM
		{787775FE-0B7F-4D97-8C8E-A1A7AF0ECA6D}.Release|iPhone.ActiveCfg = Release|x86
		{787775FE-0B7F-4D97-8C8E-A1A7AF0ECA6D}.Release|iPhoneSimulator.ActiveCfg = Release|x86
		{787775FE-0B7F-4D97-8C8E-A1A7AF0ECA6D}.Release|x64.ActiveCfg = Release|x64
		{787775FE-0B7F-4D97-8C8E-A1A7AF0ECA6D}.Release|x64.Build.0 = Release|x64
		{787775FE-0B7F-4D97-8C8E-A1A7AF0ECA6D}.Release|x64.Deploy.0 = Release|x64
		{787775FE-0B7F-4D97-8C8E-A1A7AF0ECA6D}.Release|x86.ActiveCfg = Release|x86
		{787775FE-0B7F-4D97-8C8E-A1A7AF0ECA6D}.Release|x86.Build.0 = Release|x86
		{787775FE-0B7F-4D97-8C8E-A1A7AF0ECA6D}.Release|x86.Deploy.0 = Release|x86
	EndGlobalSection
	GlobalSection(SolutionProperties) = preSolution
		HideSolutionNode = FALSE
	EndGlobalSection
	GlobalSection(ExtensibilityGlobals) = postSolution
		SolutionGuid = {FD1CBDD0-9290-401B-9D58-A47DC03C2281}
	EndGlobalSection
EndGlobal
